
Microsoft Visual Studio Solution File, Format Version 12.00
# Visual Studio Version 17
VisualStudioVersion = 17.8.34330.188
MinimumVisualStudioVersion = 10.0.40219.1
Project("{FAE04EC0-301F-11D3-BF4B-00C04F79EFBC}") = "Counting Paths", "Counting Paths\Counting Paths.csproj", "{126A6A5C-4D98-43E4-926E-9CE48BB1A1A4}"
EndProject
Global
	GlobalSection(SolutionConfigurationPlatforms) = preSolution
		Debug|Any CPU = Debug|Any CPU
		Release|Any CPU = Release|Any CPU
	EndGlobalSection
	GlobalSection(ProjectConfigurationPlatforms) = postSolution
		{126A6A5C-4D98-43E4-926E-9CE48BB1A1A4}.Debug|Any CPU.ActiveCfg = Debug|Any CPU
		{126A6A5C-4D98-43E4-926E-9CE48BB1A1A4}.Debug|Any CPU.Build.0 = Debug|Any CPU
		{126A6A5C-4D98-43E4-926E-9CE48BB1A1A4}.Release|Any CPU.ActiveCfg = Release|Any CPU
		{126A6A5C-4D98-43E4-926E-9CE48BB1A1A4}.Release|Any CPU.Build.0 = Release|Any CPU
	EndGlobalSection
	GlobalSection(SolutionProperties) = preSolution
		HideSolutionNode = FALSE
	EndGlobalSection
	GlobalSection(ExtensibilityGlobals) = postSolution
		SolutionGuid = {B4E0F6A9-AA20-416E-8D56-95DB00E46FE1}
	EndGlobalSection
EndGlobal
